# This file was autogenerated by Stack.
# You should not edit this file by hand.
# For more information, please see the documentation at:
#   https://docs.haskellstack.org/en/stable/lock_files

packages:
- completed:
    hackage: true-name-0.1.0.3@sha256:46b6965831270431d3e358ba20142e7e65ab64da24ef364d9f4ce7ecf9c8a674,1804
    pantry-tree:
      size: 268
      sha256: 586c0fcbeca8d2e7fe26a28ca671ca732df9d5eed7a100b403d8e0178215a0a3
  original:
    hackage: true-name-0.1.0.3@sha256:46b6965831270431d3e358ba20142e7e65ab64da24ef364d9f4ce7ecf9c8a674
snapshots:
- completed:
    size: 500539
    url: https://raw.githubusercontent.com/commercialhaskell/stackage-snapshots/master/lts/13/29.yaml
    sha256: 006398c5e92d1d64737b7e98ae4d63987c36808814504d1451f56ebd98093f75
  original: lts-13.29
